
Microsoft Visual Studio Solution File, Format Version 12.00
# Visual Studio Version 17
VisualStudioVersion = 17.14.36811.4 d17.14
MinimumVisualStudioVersion = 10.0.40219.1
Project("{FAE04EC0-301F-11D3-BF4B-00C04F79EFBC}") = "ExplorationDashboard", "ExplorationDashboard\ExplorationDashboard.csproj", "{FDFEF2D9-454D-46DE-8950-336C31DC8F27}"
EndProject
Global
	GlobalSection(SolutionConfigurationPlatforms) = preSolution
		Debug|Any CPU = Debug|Any CPU
		Release|Any CPU = Release|Any CPU
	EndGlobalSection
	GlobalSection(ProjectConfigurationPlatforms) = postSolution
		{FDFEF2D9-454D-46DE-8950-336C31DC8F27}.Debug|Any CPU.ActiveCfg = Debug|Any CPU
		{FDFEF2D9-454D-46DE-8950-336C31DC8F27}.Debug|Any CPU.Build.0 = Debug|Any CPU
		{FDFEF2D9-454D-46DE-8950-336C31DC8F27}.Release|Any CPU.ActiveCfg = Release|Any CPU
		{FDFEF2D9-454D-46DE-8950-336C31DC8F27}.Release|Any CPU.Build.0 = Release|Any CPU
	EndGlobalSection
	GlobalSection(SolutionProperties) = preSolution
		HideSolutionNode = FALSE
	EndGlobalSection
	GlobalSection(ExtensibilityGlobals) = postSolution
		SolutionGuid = {D0384252-BA20-410E-B92A-B81C4952AD50}
	EndGlobalSection
EndGlobal
